
Microsoft Visual Studio Solution File, Format Version 12.00
# Visual Studio Version 16
VisualStudioVersion = 16.0.30413.136
MinimumVisualStudioVersion = 10.0.40219.1
Project("{FAE04EC0-301F-11D3-BF4B-00C04F79EFBC}") = "RockPaperScissors", "RockPaperScissors\RockPaperScissors.csproj", "{C773BE1F-D8EB-4BE6-AA13-CB0DBCB3FD5B}"
EndProject
Global
	GlobalSection(SolutionConfigurationPlatforms) = preSolution
		Debug|Any CPU = Debug|Any CPU
		Release|Any CPU = Release|Any CPU
	EndGlobalSection
	GlobalSection(ProjectConfigurationPlatforms) = postSolution
		{C773BE1F-D8EB-4BE6-AA13-CB0DBCB3FD5B}.Debug|Any CPU.ActiveCfg = Debug|Any CPU
		{C773BE1F-D8EB-4BE6-AA13-CB0DBCB3FD5B}.Debug|Any CPU.Build.0 = Debug|Any CPU
		{C773BE1F-D8EB-4BE6-AA13-CB0DBCB3FD5B}.Release|Any CPU.ActiveCfg = Release|Any CPU
		{C773BE1F-D8EB-4BE6-AA13-CB0DBCB3FD5B}.Release|Any CPU.Build.0 = Release|Any CPU
	EndGlobalSection
	GlobalSection(SolutionProperties) = preSolution
		HideSolutionNode = FALSE
	EndGlobalSection
	GlobalSection(ExtensibilityGlobals) = postSolution
		SolutionGuid = {A880304B-23FF-4C15-A702-CA5223890866}
	EndGlobalSection
EndGlobal
